
Microsoft Visual Studio Solution File, Format Version 12.00
# Visual Studio 15
VisualStudioVersion = 15.0.28307.421
MinimumVisualStudioVersion = 10.0.40219.1
Project("{FAE04EC0-301F-11D3-BF4B-00C04F79EFBC}") = "OutParameterDemo", "OutParameterDemo\OutParameterDemo.csproj", "{33C21CF3-31CF-4DAB-9997-9DA11D83F832}"
EndProject
Project("{FAE04EC0-301F-11D3-BF4B-00C04F79EFBC}") = "TupleDemo", "TupleDemo\TupleDemo.csproj", "{772928A1-88E5-4698-A1C1-05BA4AB1F83B}"
EndProject
Project("{FAE04EC0-301F-11D3-BF4B-00C04F79EFBC}") = "LocalFunctionsDemo", "LocalFunctionsDemo\LocalFunctionsDemo.csproj", "{5E7D0320-5812-4A5F-B822-775BC0F7CE13}"
EndProject
Project("{FAE04EC0-301F-11D3-BF4B-00C04F79EFBC}") = "BinaryLiteralAndDigitSeparatorDemo", "BinaryLiteralAndDigitSeparatorDemo\BinaryLiteralAndDigitSeparatorDemo.csproj", "{58F7AA80-89A1-4EC5-A044-E3BF19D8B425}"
EndProject
Project("{FAE04EC0-301F-11D3-BF4B-00C04F79EFBC}") = "PatternMatchingDemo", "PatternMatchingDemo\PatternMatchingDemo.csproj", "{4552A0B1-FA90-4217-A42F-3906183AAAEB}"
EndProject
Project("{FAE04EC0-301F-11D3-BF4B-00C04F79EFBC}") = "RefLocalAndRefReturnDemo", "RefLocalAndRefReturnDemo\RefLocalAndRefReturnDemo.csproj", "{59231B00-7B34-4479-A286-192F078524EB}"
EndProject
Project("{FAE04EC0-301F-11D3-BF4B-00C04F79EFBC}") = "DeconstructionDemo", "DeconstructionDemo\DeconstructionDemo.csproj", "{71DC5A7D-5C6C-4865-85AD-0D9323940051}"
EndProject
Global
	GlobalSection(SolutionConfigurationPlatforms) = preSolution
		Debug|Any CPU = Debug|Any CPU
		Release|Any CPU = Release|Any CPU
	EndGlobalSection
	GlobalSection(ProjectConfigurationPlatforms) = postSolution
		{33C21CF3-31CF-4DAB-9997-9DA11D83F832}.Debug|Any CPU.ActiveCfg = Debug|Any CPU
		{33C21CF3-31CF-4DAB-9997-9DA11D83F832}.Debug|Any CPU.Build.0 = Debug|Any CPU
		{33C21CF3-31CF-4DAB-9997-9DA11D83F832}.Release|Any CPU.ActiveCfg = Release|Any CPU
		{33C21CF3-31CF-4DAB-9997-9DA11D83F832}.Release|Any CPU.Build.0 = Release|Any CPU
		{772928A1-88E5-4698-A1C1-05BA4AB1F83B}.Debug|Any CPU.ActiveCfg = Debug|Any CPU
		{772928A1-88E5-4698-A1C1-05BA4AB1F83B}.Debug|Any CPU.Build.0 = Debug|Any CPU
		{772928A1-88E5-4698-A1C1-05BA4AB1F83B}.Release|Any CPU.ActiveCfg = Release|Any CPU
		{772928A1-88E5-4698-A1C1-05BA4AB1F83B}.Release|Any CPU.Build.0 = Release|Any CPU
		{5E7D0320-5812-4A5F-B822-775BC0F7CE13}.Debug|Any CPU.ActiveCfg = Debug|Any CPU
		{5E7D0320-5812-4A5F-B822-775BC0F7CE13}.Debug|Any CPU.Build.0 = Debug|Any CPU
		{5E7D0320-5812-4A5F-B822-775BC0F7CE13}.Release|Any CPU.ActiveCfg = Release|Any CPU
		{5E7D0320-5812-4A5F-B822-775BC0F7CE13}.Release|Any CPU.Build.0 = Release|Any CPU
		{58F7AA80-89A1-4EC5-A044-E3BF19D8B425}.Debug|Any CPU.ActiveCfg = Debug|Any CPU
		{58F7AA80-89A1-4EC5-A044-E3BF19D8B425}.Debug|Any CPU.Build.0 = Debug|Any CPU
		{58F7AA80-89A1-4EC5-A044-E3BF19D8B425}.Release|Any CPU.ActiveCfg = Release|Any CPU
		{58F7AA80-89A1-4EC5-A044-E3BF19D8B425}.Release|Any CPU.Build.0 = Release|Any CPU
		{4552A0B1-FA90-4217-A42F-3906183AAAEB}.Debug|Any CPU.ActiveCfg = Debug|Any CPU
		{4552A0B1-FA90-4217-A42F-3906183AAAEB}.Debug|Any CPU.Build.0 = Debug|Any CPU
		{4552A0B1-FA90-4217-A42F-3906183AAAEB}.Release|Any CPU.ActiveCfg = Release|Any CPU
		{4552A0B1-FA90-4217-A42F-3906183AAAEB}.Release|Any CPU.Build.0 = Release|Any CPU
		{59231B00-7B34-4479-A286-192F078524EB}.Debug|Any CPU.ActiveCfg = Debug|Any CPU
		{59231B00-7B34-4479-A286-192F078524EB}.Debug|Any CPU.Build.0 = Debug|Any CPU
		{59231B00-7B34-4479-A286-192F078524EB}.Release|Any CPU.ActiveCfg = Release|Any CPU
		{59231B00-7B34-4479-A286-192F078524EB}.Release|Any CPU.Build.0 = Release|Any CPU
		{71DC5A7D-5C6C-4865-85AD-0D9323940051}.Debug|Any CPU.ActiveCfg = Debug|Any CPU
		{71DC5A7D-5C6C-4865-85AD-0D9323940051}.Debug|Any CPU.Build.0 = Debug|Any CPU
		{71DC5A7D-5C6C-4865-85AD-0D9323940051}.Release|Any CPU.ActiveCfg = Release|Any CPU
		{71DC5A7D-5C6C-4865-85AD-0D9323940051}.Release|Any CPU.Build.0 = Release|Any CPU
	EndGlobalSection
	GlobalSection(SolutionProperties) = preSolution
		HideSolutionNode = FALSE
	EndGlobalSection
	GlobalSection(ExtensibilityGlobals) = postSolution
		SolutionGuid = {1FFFC810-C90E-4980-A4BE-1DA28A3F3B16}
	EndGlobalSection
EndGlobal
